
Microsoft Visual Studio Solution File, Format Version 12.00
# Visual Studio Version 17
VisualStudioVersion = 17.11.35312.102
MinimumVisualStudioVersion = 10.0.40219.1
Project("{FAE04EC0-301F-11D3-BF4B-00C04F79EFBC}") = "StudentAge-BepInEx", "StudentAge-BepInEx.csproj", "{1649C010-6B20-4027-B0B9-BA85C84C5EDB}"
EndProject
Global
	GlobalSection(SolutionConfigurationPlatforms) = preSolution
		Debug|Any CPU = Debug|Any CPU
		Release|Any CPU = Release|Any CPU
	EndGlobalSection
	GlobalSection(ProjectConfigurationPlatforms) = postSolution
		{1649C010-6B20-4027-B0B9-BA85C84C5EDB}.Debug|Any CPU.ActiveCfg = Debug|Any CPU
		{1649C010-6B20-4027-B0B9-BA85C84C5EDB}.Debug|Any CPU.Build.0 = Debug|Any CPU
		{1649C010-6B20-4027-B0B9-BA85C84C5EDB}.Release|Any CPU.ActiveCfg = Release|Any CPU
		{1649C010-6B20-4027-B0B9-BA85C84C5EDB}.Release|Any CPU.Build.0 = Release|Any CPU
	EndGlobalSection
	GlobalSection(SolutionProperties) = preSolution
		HideSolutionNode = FALSE
	EndGlobalSection
	GlobalSection(ExtensibilityGlobals) = postSolution
		SolutionGuid = {E22AED1A-EF01-44D1-9E9E-77ECD432D338}
	EndGlobalSection
EndGlobal
